// !$*UTF8*$!
{
	archiveVersion = 1;
	classes = {
	};
	objectVersion = 55;
	objects = {

/* Begin PBXBuildFile section */
		C0F68C322860439B00696A6E /* main.swift in Sources */ = {isa = PBXBuildFile; fileRef = C0F68C312860439B00696A6E /* main.swift */; };
		C0F68C3D2860554900696A6E /* ArrayAddMetalLib.metal in Sources */ = {isa = PBXBuildFile; fileRef = C0F68C3C2860554900696A6E /* ArrayAddMetalLib.metal */; };
		C0F68C4228605A3000696A6E /* Timer.swift in Sources */ = {isa = PBXBuildFile; fileRef = C0F68C4128605A3000696A6E /* Timer.swift */; };
/* End PBXBuildFile section */

/* Begin PBXCopyFilesBuildPhase section */
		C0F68C2C2860439B00696A6E /* CopyFiles */ = {
			isa = PBXCopyFilesBuildPhase;
			buildActionMask = 2147483647;
			dstPath = /usr/share/man/man1/;
			dstSubfolderSpec = 0;
			files = (
			);
			runOnlyForDeploymentPostprocessing = 1;
		};
/* End PBXCopyFilesBuildPhase section */

/* Begin PBXFileReference section */
		C0F68C2E2860439B00696A6E /* MetalArraySum */ = {isa = PBXFileReference; explicitFileType = "compiled.mach-o.executable"; includeInIndex = 0; path = MetalArraySum; sourceTree = BUILT_PRODUCTS_DIR; };
		C0F68C312860439B00696A6E /* main.swift */ = {isa = PBXFileReference; lastKnownFileType = sourcecode.swift; path = main.swift; sourceTree = "<group>"; };
		C0F68C3A2860554900696A6E /* ArrayAddMetalLib.metallib */ = {isa = PBXFileReference; explicitFileType = "archive.metal-library"; includeInIndex = 0; path = ArrayAddMetalLib.metallib; sourceTree = BUILT_PRODUCTS_DIR; };
		C0F68C3C2860554900696A6E /* ArrayAddMetalLib.metal */ = {isa = PBXFileReference; lastKnownFileType = sourcecode.metal; path = ArrayAddMetalLib.metal; sourceTree = "<group>"; };
		C0F68C4128605A3000696A6E /* Timer.swift */ = {isa = PBXFileReference; lastKnownFileType = sourcecode.swift; path = Timer.swift; sourceTree = "<group>"; };
/* End PBXFileReference section */

/* Begin PBXFrameworksBuildPhase section */
		C0F68C2B2860439B00696A6E /* Frameworks */ = {
			isa = PBXFrameworksBuildPhase;
			buildActionMask = 2147483647;
			files = (
			);
			runOnlyForDeploymentPostprocessing = 0;
		};
/* End PBXFrameworksBuildPhase section */

/* Begin PBXGroup section */
		C0F68C252860439B00696A6E = {
			isa = PBXGroup;
			children = (
				C0F68C302860439B00696A6E /* MetalArraySum */,
				C0F68C3B2860554900696A6E /* ArrayAddMetalLib */,
				C0F68C2F2860439B00696A6E /* Products */,
			);
			sourceTree = "<group>";
		};
		C0F68C2F2860439B00696A6E /* Products */ = {
			isa = PBXGroup;
			children = (
				C0F68C2E2860439B00696A6E /* MetalArraySum */,
				C0F68C3A2860554900696A6E /* ArrayAddMetalLib.metallib */,
			);
			name = Products;
			sourceTree = "<group>";
		};
		C0F68C302860439B00696A6E /* MetalArraySum */ = {
			isa = PBXGroup;
			children = (
				C0F68C312860439B00696A6E /* main.swift */,
				C0F68C4128605A3000696A6E /* Timer.swift */,
			);
			path = MetalArraySum;
			sourceTree = "<group>";
		};
		C0F68C3B2860554900696A6E /* ArrayAddMetalLib */ = {
			isa = PBXGroup;
			children = (
				C0F68C3C2860554900696A6E /* ArrayAddMetalLib.metal */,
			);
			path = ArrayAddMetalLib;
			sourceTree = "<group>";
		};
/* End PBXGroup section */

/* Begin PBXNativeTarget section */
		C0F68C2D2860439B00696A6E /* MetalArraySum */ = {
			isa = PBXNativeTarget;
			buildConfigurationList = C0F68C352860439B00696A6E /* Build configuration list for PBXNativeTarget "MetalArraySum" */;
			buildPhases = (
				C0F68C2A2860439B00696A6E /* Sources */,
				C0F68C2B2860439B00696A6E /* Frameworks */,
				C0F68C2C2860439B00696A6E /* CopyFiles */,
			);
			buildRules = (
			);
			dependencies = (
			);
			name = MetalArraySum;
			productName = MetalArraySum;
			productReference = C0F68C2E2860439B00696A6E /* MetalArraySum */;
			productType = "com.apple.product-type.tool";
		};
		C0F68C392860554900696A6E /* ArrayAddMetalLib */ = {
			isa = PBXNativeTarget;
			buildConfigurationList = C0F68C3E2860554900696A6E /* Build configuration list for PBXNativeTarget "ArrayAddMetalLib" */;
			buildPhases = (
				C0F68C382860554900696A6E /* Sources */,
			);
			buildRules = (
			);
			dependencies = (
			);
			name = ArrayAddMetalLib;
			productName = ArrayAddMetalLib;
			productReference = C0F68C3A2860554900696A6E /* ArrayAddMetalLib.metallib */;
			productType = "com.apple.product-type.metal-library";
		};
/* End PBXNativeTarget section */

/* Begin PBXProject section */
		C0F68C262860439B00696A6E /* Project object */ = {
			isa = PBXProject;
			attributes = {
				BuildIndependentTargetsInParallel = 1;
				LastSwiftUpdateCheck = 1340;
				LastUpgradeCheck = 1340;
				TargetAttributes = {
					C0F68C2D2860439B00696A6E = {
						CreatedOnToolsVersion = 13.4.1;
					};
					C0F68C392860554900696A6E = {
						CreatedOnToolsVersion = 13.4.1;
					};
				};
			};
			buildConfigurationList = C0F68C292860439B00696A6E /* Build configuration list for PBXProject "MetalArraySum" */;
			compatibilityVersion = "Xcode 13.0";
			developmentRegion = en;
			hasScannedForEncodings = 0;
			knownRegions = (
				en,
				Base,
			);
			mainGroup = C0F68C252860439B00696A6E;
			productRefGroup = C0F68C2F2860439B00696A6E /* Products */;
			projectDirPath = "";
			projectRoot = "";
			targets = (
				C0F68C2D2860439B00696A6E /* MetalArraySum */,
				C0F68C392860554900696A6E /* ArrayAddMetalLib */,
			);
		};
/* End PBXProject section */

/* Begin PBXSourcesBuildPhase section */
		C0F68C2A2860439B00696A6E /* Sources */ = {
			isa = PBXSourcesBuildPhase;
			buildActionMask = 2147483647;
			files = (
				C0F68C322860439B00696A6E /* main.swift in Sources */,
				C0F68C4228605A3000696A6E /* Timer.swift in Sources */,
			);
			runOnlyForDeploymentPostprocessing = 0;
		};
		C0F68C382860554900696A6E /* Sources */ = {
			isa = PBXSourcesBuildPhase;
			buildActionMask = 2147483647;
			files = (
				C0F68C3D2860554900696A6E /* ArrayAddMetalLib.metal in Sources */,
			);
			runOnlyForDeploymentPostprocessing = 0;
		};
/* End PBXSourcesBuildPhase section */

/* Begin XCBuildConfiguration section */
		C0F68C332860439B00696A6E /* Debug */ = {
			isa = XCBuildConfiguration;
			buildSettings = {
				ALWAYS_SEARCH_USER_PATHS = NO;
				CLANG_ANALYZER_NONNULL = YES;
				CLANG_ANALYZER_NUMBER_OBJECT_CONVERSION = YES_AGGRESSIVE;
				CLANG_CXX_LANGUAGE_STANDARD = "gnu++17";
				CLANG_ENABLE_MODULES = YES;
				CLANG_ENABLE_OBJC_ARC = YES;
				CLANG_ENABLE_OBJC_WEAK = YES;
				CLANG_WARN_BLOCK_CAPTURE_AUTORELEASING = YES;
				CLANG_WARN_BOOL_CONVERSION = YES;
				CLANG_WARN_COMMA = YES;
				CLANG_WARN_CONSTANT_CONVERSION = YES;
				CLANG_WARN_DEPRECATED_OBJC_IMPLEMENTATIONS = YES;
				CLANG_WARN_DIRECT_OBJC_ISA_USAGE = YES_ERROR;
				CLANG_WARN_DOCUMENTATION_COMMENTS = YES;
				CLANG_WARN_EMPTY_BODY = YES;
				CLANG_WARN_ENUM_CONVERSION = YES;
				CLANG_WARN_INFINITE_RECURSION = YES;
				CLANG_WARN_INT_CONVERSION = YES;
				CLANG_WARN_NON_LITERAL_NULL_CONVERSION = YES;
				CLANG_WARN_OBJC_IMPLICIT_RETAIN_SELF = YES;
				CLANG_WARN_OBJC_LITERAL_CONVERSION = YES;
				CLANG_WARN_OBJC_ROOT_CLASS = YES_ERROR;
				CLANG_WARN_QUOTED_INCLUDE_IN_FRAMEWORK_HEADER = YES;
				CLANG_WARN_RANGE_LOOP_ANALYSIS = YES;
				CLANG_WARN_STRICT_PROTOTYPES = YES;
				CLANG_WARN_SUSPICIOUS_MOVE = YES;
				CLANG_WARN_UNGUARDED_AVAILABILITY = YES_AGGRESSIVE;
				CLANG_WARN_UNREACHABLE_CODE = YES;
				CLANG_WARN__DUPLICATE_METHOD_MATCH = YES;
				COPY_PHASE_STRIP = NO;
				DEBUG_INFORMATION_FORMAT = dwarf;
				ENABLE_STRICT_OBJC_MSGSEND = YES;
				ENABLE_TESTABILITY = YES;
				GCC_C_LANGUAGE_STANDARD = gnu11;
				GCC_DYNAMIC_NO_PIC = NO;
				GCC_NO_COMMON_BLOCKS = YES;
				GCC_OPTIMIZATION_LEVEL = 0;
				GCC_PREPROCESSOR_DEFINITIONS = (
					"DEBUG=1",
					"$(inherited)",
				);
				GCC_WARN_64_TO_32_BIT_CONVERSION = YES;
				GCC_WARN_ABOUT_RETURN_TYPE = YES_ERROR;
				GCC_WARN_UNDECLARED_SELECTOR = YES;
				GCC_WARN_UNINITIALIZED_AUTOS = YES_AGGRESSIVE;
				GCC_WARN_UNUSED_FUNCTION = YES;
				GCC_WARN_UNUSED_VARIABLE = YES;
				MACOSX_DEPLOYMENT_TARGET = 12.3;
				MTL_ENABLE_DEBUG_INFO = INCLUDE_SOURCE;
				MTL_FAST_MATH = YES;
				ONLY_ACTIVE_ARCH = YES;
				SDKROOT = macosx;
				SWIFT_ACTIVE_COMPILATION_CONDITIONS = DEBUG;
				SWIFT_OPTIMIZATION_LEVEL = "-Onone";
			};
			name = Debug;
		};
		C0F68C342860439B00696A6E /* Release */ = {
			isa = XCBuildConfiguration;
			buildSettings = {
				ALWAYS_SEARCH_USER_PATHS = NO;
				CLANG_ANALYZER_NONNULL = YES;
				CLANG_ANALYZER_NUMBER_OBJECT_CONVERSION = YES_AGGRESSIVE;
				CLANG_CXX_LANGUAGE_STANDARD = "gnu++17";
				CLANG_ENABLE_MODULES = YES;
				CLANG_ENABLE_OBJC_ARC = YES;
				CLANG_ENABLE_OBJC_WEAK = YES;
				CLANG_WARN_BLOCK_CAPTURE_AUTORELEASING = YES;
				CLANG_WARN_BOOL_CONVERSION = YES;
				CLANG_WARN_COMMA = YES;
				CLANG_WARN_CONSTANT_CONVERSION = YES;
				CLANG_WARN_DEPRECATED_OBJC_IMPLEMENTATIONS = YES;
				CLANG_WARN_DIRECT_OBJC_ISA_USAGE = YES_ERROR;
				CLANG_WARN_DOCUMENTATION_COMMENTS = YES;
				CLANG_WARN_EMPTY_BODY = YES;
				CLANG_WARN_ENUM_CONVERSION = YES;
				CLANG_WARN_INFINITE_RECURSION = YES;
				CLANG_WARN_INT_CONVERSION = YES;
				CLANG_WARN_NON_LITERAL_NULL_CONVERSION = YES;
				CLANG_WARN_OBJC_IMPLICIT_RETAIN_SELF = YES;
				CLANG_WARN_OBJC_LITERAL_CONVERSION = YES;
				CLANG_WARN_OBJC_ROOT_CLASS = YES_ERROR;
				CLANG_WARN_QUOTED_INCLUDE_IN_FRAMEWORK_HEADER = YES;
				CLANG_WARN_RANGE_LOOP_ANALYSIS = YES;
				CLANG_WARN_STRICT_PROTOTYPES = YES;
				CLANG_WARN_SUSPICIOUS_MOVE = YES;
				CLANG_WARN_UNGUARDED_AVAILABILITY = YES_AGGRESSIVE;
				CLANG_WARN_UNREACHABLE_CODE = YES;
				CLANG_WARN__DUPLICATE_METHOD_MATCH = YES;
				COPY_PHASE_STRIP = NO;
				DEBUG_INFORMATION_FORMAT = "dwarf-with-dsym";
				ENABLE_NS_ASSERTIONS = NO;
				ENABLE_STRICT_OBJC_MSGSEND = YES;
				GCC_C_LANGUAGE_STANDARD = gnu11;
				GCC_NO_COMMON_BLOCKS = YES;
				GCC_WARN_64_TO_32_BIT_CONVERSION = YES;
				GCC_WARN_ABOUT_RETURN_TYPE = YES_ERROR;
				GCC_WARN_UNDECLARED_SELECTOR = YES;
				GCC_WARN_UNINITIALIZED_AUTOS = YES_AGGRESSIVE;
				GCC_WARN_UNUSED_FUNCTION = YES;
				GCC_WARN_UNUSED_VARIABLE = YES;
				MACOSX_DEPLOYMENT_TARGET = 12.3;
				MTL_ENABLE_DEBUG_INFO = NO;
				MTL_FAST_MATH = YES;
				SDKROOT = macosx;
				SWIFT_COMPILATION_MODE = wholemodule;
				SWIFT_OPTIMIZATION_LEVEL = "-O";
			};
			name = Release;
		};
		C0F68C362860439B00696A6E /* Debug */ = {
			isa = XCBuildConfiguration;
			buildSettings = {
				CODE_SIGN_STYLE = Automatic;
				DEVELOPMENT_TEAM = 47R24DDADG;
				ENABLE_HARDENED_RUNTIME = YES;
				PRODUCT_NAME = "$(TARGET_NAME)";
				SWIFT_VERSION = 5.0;
			};
			name = Debug;
		};
		C0F68C372860439B00696A6E /* Release */ = {
			isa = XCBuildConfiguration;
			buildSettings = {
				CODE_SIGN_STYLE = Automatic;
				DEVELOPMENT_TEAM = 47R24DDADG;
				ENABLE_HARDENED_RUNTIME = YES;
				PRODUCT_NAME = "$(TARGET_NAME)";
				SWIFT_VERSION = 5.0;
			};
			name = Release;
		};
		C0F68C3F2860554900696A6E /* Debug */ = {
			isa = XCBuildConfiguration;
			buildSettings = {
				CODE_SIGN_STYLE = Automatic;
				DEVELOPMENT_TEAM = 47R24DDADG;
				PRODUCT_NAME = "$(TARGET_NAME)";
			};
			name = Debug;
		};
		C0F68C402860554900696A6E /* Release */ = {
			isa = XCBuildConfiguration;
			buildSettings = {
				CODE_SIGN_STYLE = Automatic;
				DEVELOPMENT_TEAM = 47R24DDADG;
				PRODUCT_NAME = "$(TARGET_NAME)";
			};
			name = Release;
		};
/* End XCBuildConfiguration section */

/* Begin XCConfigurationList section */
		C0F68C292860439B00696A6E /* Build configuration list for PBXProject "MetalArraySum" */ = {
			isa = XCConfigurationList;
			buildConfigurations = (
				C0F68C332860439B00696A6E /* Debug */,
				C0F68C342860439B00696A6E /* Release */,
			);
			defaultConfigurationIsVisible = 0;
			defaultConfigurationName = Release;
		};
		C0F68C352860439B00696A6E /* Build configuration list for PBXNativeTarget "MetalArraySum" */ = {
			isa = XCConfigurationList;
			buildConfigurations = (
				C0F68C362860439B00696A6E /* Debug */,
				C0F68C372860439B00696A6E /* Release */,
			);
			defaultConfigurationIsVisible = 0;
			defaultConfigurationName = Release;
		};
		C0F68C3E2860554900696A6E /* Build configuration list for PBXNativeTarget "ArrayAddMetalLib" */ = {
			isa = XCConfigurationList;
			buildConfigurations = (
				C0F68C3F2860554900696A6E /* Debug */,
				C0F68C402860554900696A6E /* Release */,
			);
			defaultConfigurationIsVisible = 0;
			defaultConfigurationName = Release;
		};
/* End XCConfigurationList section */
	};
	rootObject = C0F68C262860439B00696A6E /* Project object */;
}
